
Microsoft Visual Studio Solution File, Format Version 12.00
# Visual Studio Version 16
VisualStudioVersion = 16.0.31205.134
MinimumVisualStudioVersion = 10.0.40219.1
Project("{FAE04EC0-301F-11D3-BF4B-00C04F79EFBC}") = "StardewValleyBirthdayMod", "StardewValleyBirthdayMod\StardewValleyBirthdayMod.csproj", "{AE75EB9F-3E4F-4CA1-B15C-E4858EA9E30A}"
EndProject
Global
	GlobalSection(SolutionConfigurationPlatforms) = preSolution
		Debug|Any CPU = Debug|Any CPU
		Release|Any CPU = Release|Any CPU
	EndGlobalSection
	GlobalSection(ProjectConfigurationPlatforms) = postSolution
		{AE75EB9F-3E4F-4CA1-B15C-E4858EA9E30A}.Debug|Any CPU.ActiveCfg = Debug|Any CPU
		{AE75EB9F-3E4F-4CA1-B15C-E4858EA9E30A}.Debug|Any CPU.Build.0 = Debug|Any CPU
		{AE75EB9F-3E4F-4CA1-B15C-E4858EA9E30A}.Release|Any CPU.ActiveCfg = Release|Any CPU
		{AE75EB9F-3E4F-4CA1-B15C-E4858EA9E30A}.Release|Any CPU.Build.0 = Release|Any CPU
	EndGlobalSection
	GlobalSection(SolutionProperties) = preSolution
		HideSolutionNode = FALSE
	EndGlobalSection
	GlobalSection(ExtensibilityGlobals) = postSolution
		SolutionGuid = {995AC0FE-C24B-4B6B-AAF8-10B29350F8D0}
	EndGlobalSection
EndGlobal
